# This file is automatically @generated by Cargo.
# It is not intended for manual editing.
[[package]]
name = "kaze"
version = "0.1.0"
dependencies = [
 "typed-arena 2.0.0 (registry+https://github.com/rust-lang/crates.io-index)",
]

[[package]]
name = "typed-arena"
version = "2.0.0"
source = "registry+https://github.com/rust-lang/crates.io-index"

[metadata]
"checksum typed-arena 2.0.0 (registry+https://github.com/rust-lang/crates.io-index)" = "e2ae5156db3e83ec5e0bd6b197457722bbc3fe3295078aa9509892483578b1d2"
